
Microsoft Visual Studio Solution File, Format Version 12.00
# Visual Studio Version 16
VisualStudioVersion = 16.0.33328.57
MinimumVisualStudioVersion = 10.0.40219.1
Project("{FAE04EC0-301F-11D3-BF4B-00C04F79EFBC}") = "ConverterSDX", "ConverterSDX\ConverterSDX.csproj", "{E17ECB31-9A4E-488B-87E8-31498F65E248}"
EndProject
Global
	GlobalSection(SolutionConfigurationPlatforms) = preSolution
		Debug|Any CPU = Debug|Any CPU
		Release|Any CPU = Release|Any CPU
	EndGlobalSection
	GlobalSection(ProjectConfigurationPlatforms) = postSolution
		{E17ECB31-9A4E-488B-87E8-31498F65E248}.Debug|Any CPU.ActiveCfg = Debug|Any CPU
		{E17ECB31-9A4E-488B-87E8-31498F65E248}.Debug|Any CPU.Build.0 = Debug|Any CPU
		{E17ECB31-9A4E-488B-87E8-31498F65E248}.Release|Any CPU.ActiveCfg = Release|Any CPU
		{E17ECB31-9A4E-488B-87E8-31498F65E248}.Release|Any CPU.Build.0 = Release|Any CPU
	EndGlobalSection
	GlobalSection(SolutionProperties) = preSolution
		HideSolutionNode = FALSE
	EndGlobalSection
	GlobalSection(ExtensibilityGlobals) = postSolution
		SolutionGuid = {11F19D6F-58EB-427C-ABB5-AFC15B8B71AC}
	EndGlobalSection
EndGlobal
